
Microsoft Visual Studio Solution File, Format Version 12.00
# Visual Studio 15
VisualStudioVersion = 15.0.28010.2003
MinimumVisualStudioVersion = 10.0.40219.1
Project("{FAE04EC0-301F-11D3-BF4B-00C04F79EFBC}") = "Dashboard", "Dashboard\Dashboard.csproj", "{827263FD-CCE3-4772-BA66-1426A4D626A7}"
EndProject
Global
	GlobalSection(SolutionConfigurationPlatforms) = preSolution
		Debug|Any CPU = Debug|Any CPU
		Release|Any CPU = Release|Any CPU
	EndGlobalSection
	GlobalSection(ProjectConfigurationPlatforms) = postSolution
		{827263FD-CCE3-4772-BA66-1426A4D626A7}.Debug|Any CPU.ActiveCfg = Debug|Any CPU
		{827263FD-CCE3-4772-BA66-1426A4D626A7}.Debug|Any CPU.Build.0 = Debug|Any CPU
		{827263FD-CCE3-4772-BA66-1426A4D626A7}.Release|Any CPU.ActiveCfg = Release|Any CPU
		{827263FD-CCE3-4772-BA66-1426A4D626A7}.Release|Any CPU.Build.0 = Release|Any CPU
	EndGlobalSection
	GlobalSection(SolutionProperties) = preSolution
		HideSolutionNode = FALSE
	EndGlobalSection
	GlobalSection(ExtensibilityGlobals) = postSolution
		SolutionGuid = {BD322985-9D52-4D81-8A99-6B83DC6D3CE5}
	EndGlobalSection
EndGlobal
